
Microsoft Visual Studio Solution File, Format Version 12.00
# Visual Studio Version 17
VisualStudioVersion = 17.8.34525.116
MinimumVisualStudioVersion = 10.0.40219.1
Project("{FAE04EC0-301F-11D3-BF4B-00C04F79EFBC}") = "EmployeeManagementSystem", "EmployeeManagementSystem\EmployeeManagementSystem.csproj", "{344E6103-32E6-48F5-A1FC-EAD3A8996123}"
EndProject
Global
	GlobalSection(SolutionConfigurationPlatforms) = preSolution
		Debug|Any CPU = Debug|Any CPU
		Release|Any CPU = Release|Any CPU
	EndGlobalSection
	GlobalSection(ProjectConfigurationPlatforms) = postSolution
		{344E6103-32E6-48F5-A1FC-EAD3A8996123}.Debug|Any CPU.ActiveCfg = Debug|Any CPU
		{344E6103-32E6-48F5-A1FC-EAD3A8996123}.Debug|Any CPU.Build.0 = Debug|Any CPU
		{344E6103-32E6-48F5-A1FC-EAD3A8996123}.Release|Any CPU.ActiveCfg = Release|Any CPU
		{344E6103-32E6-48F5-A1FC-EAD3A8996123}.Release|Any CPU.Build.0 = Release|Any CPU
	EndGlobalSection
	GlobalSection(SolutionProperties) = preSolution
		HideSolutionNode = FALSE
	EndGlobalSection
	GlobalSection(ExtensibilityGlobals) = postSolution
		SolutionGuid = {80537E57-4503-4918-BE37-48C344C062EF}
	EndGlobalSection
EndGlobal
